{
  "version": 4,
  "terraform_version": "1.15.7",
  "serial": 11,
  "lineage": "0fa6b976-8419-4e9d-4a90-f83eccfb9ad1",
  "outputs": {
    "vm_public_ip": {
      "value": "20.197.26.252",
      "type": "string"
    }
  },
  "resources": [
    {
      "mode": "managed",
      "type": "azurerm_linux_virtual_machine",
      "name": "this",
      "provider": "provider[\"registry.terraform.io/hashicorp/azurerm\"]",
      "instances": [
        {
          "schema_version": 0,
          "attributes": {
            "additional_capabilities": [],
            "admin_password": null,
            "admin_ssh_key": [
              {
                "public_key": "ssh-rsa AAAAB3NzaC1yc2EAAAADAQABAAACAQCl1fzSMid6NDqBwk6ktZ9qhG1nI5ek92XiGGvpSKwomOECnNgW/s6nzNl3YGVSWxjKBk9bj4gx/0awRhWi824INa9P5yd/nKn3v0Hoak8QXEAiMNz/8nN4R+X2Pvp3vaWNOg5cH94ESO6ATtCZ7hKbER7bhaGUPpHHwozXtkmNBcMllzu65Cw1FBbdfroMETnbm7H2n0NRgNcQHeYgO0nza460vu4EBzylXgaP4+BLvU2HsxuuukysoIVvS73vLjCk6bcMFbCPkvJO56hwaPMm0jqulse+IsAYQgsXZB8Os6SXYxWTSgSTw7qEAYRKObc/7Sa1xmEj56OWyJ3CaaJXT4thNW5LWs2bhY+4pOBXkC8Wne6kIltrJjWQljzR9i8BropWUBtvlIrIFeOa9KZitl2xgCqUxx5qZ72d2l72z28a27cTWJQJJivkDCuwmkfIz/po1GCN/mRHTSP6+mZ+wcfIhJ+tHqTSQCrIYCkev4OqPWXIA/+2EkeWT0EmJ21zlpClwOeFaKS8BXoXJ4gyamoIrMD2Iy9Elw1ak2N+DWy02qcbBA5LAXzeo1hr95SknqG49BRoosfyLUepr1tMRPbszjL1ihADPvlDhiU5uGLuym0rCcUO6ZC3lwI9MhsOYsn4hP37+L8K79I6Ld7tY014vlp8wWIKFDG168OI1w== shri@SandboxHost-639214493799081797\n",
                "username": "azureuser"
              }
            ],
            "admin_username": "azureuser",
            "allow_extension_operations": true,
            "availability_set_id": "",
            "boot_diagnostics": [],
            "bypass_platform_safety_checks_on_user_schedule_enabled": false,
            "capacity_reservation_group_id": "",
            "computer_name": "orderpulse-vm",
            "custom_data": "I2Nsb3VkLWNvbmZpZwpwYWNrYWdlX3VwZGF0ZTogdHJ1ZQpwYWNrYWdlX3VwZ3JhZGU6IGZhbHNlCgpydW5jbWQ6CiAgLSBjdXJsIC1zZkwgaHR0cHM6Ly9nZXQuazNzLmlvIHwgc2ggLQogIC0gc2xlZXAgMTAKICAtIHN5c3RlbWN0bCBzdGF0dXMgazNzIC0tbm8tcGFnZXIgfHwgdHJ1ZQo=",
            "dedicated_host_group_id": "",
            "dedicated_host_id": "",
            "disable_password_authentication": true,
            "disk_controller_type": "SCSI",
            "edge_zone": "",
            "encryption_at_host_enabled": false,
            "eviction_policy": "",
            "extensions_time_budget": "PT1H30M",
            "gallery_application": [],
            "id": "/subscriptions/ed77ab03-a5af-4616-9580-7c3766e5f7ca/resourceGroups/orderpulse-rg/providers/Microsoft.Compute/virtualMachines/orderpulse-vm",
            "identity": [],
            "license_type": "",
            "location": "centralindia",
            "max_bid_price": -1,
            "name": "orderpulse-vm",
            "network_interface_ids": [
              "/subscriptions/ed77ab03-a5af-4616-9580-7c3766e5f7ca/resourceGroups/orderpulse-rg/providers/Microsoft.Network/networkInterfaces/orderpulse-nic"
            ],
            "os_disk": [
              {
                "caching": "ReadWrite",
                "diff_disk_settings": [],
                "disk_encryption_set_id": "",
                "disk_size_gb": 30,
                "name": "orderpulse-vm_disk1_decfafe8301741c197a0d2aff1c4f9a3",
                "secure_vm_disk_encryption_set_id": "",
                "security_encryption_type": "",
                "storage_account_type": "Standard_LRS",
                "write_accelerator_enabled": false
              }
            ],
            "os_image_notification": [],
            "patch_assessment_mode": "ImageDefault",
            "patch_mode": "ImageDefault",
            "plan": [],
            "platform_fault_domain": -1,
            "priority": "Regular",
            "private_ip_address": "10.10.1.4",
            "private_ip_addresses": [
              "10.10.1.4"
            ],
            "provision_vm_agent": true,
            "proximity_placement_group_id": "",
            "public_ip_address": "20.197.26.252",
            "public_ip_addresses": [
              "20.197.26.252"
            ],
            "reboot_setting": "",
            "resource_group_name": "orderpulse-rg",
            "secret": [],
            "secure_boot_enabled": false,
            "size": "Standard_D2as_v5",
            "source_image_id": "",
            "source_image_reference": [
              {
                "offer": "0001-com-ubuntu-server-jammy",
                "publisher": "Canonical",
                "sku": "22_04-lts-gen2",
                "version": "latest"
              }
            ],
            "tags": null,
            "termination_notification": null,
            "timeouts": null,
            "user_data": "",
            "virtual_machine_id": "c8694220-9a51-4ff0-b1bd-4afaecfe0f16",
            "virtual_machine_scale_set_id": "",
            "vm_agent_platform_updates_enabled": false,
            "vtpm_enabled": false,
            "zone": ""
          },
          "sensitive_attributes": [
            [
              {
                "type": "get_attr",
                "value": "admin_password"
              }
            ],
            [
              {
                "type": "get_attr",
                "value": "custom_data"
              }
            ]
          ],
          "identity_schema_version": 0,
          "private": "eyJlMmJmYjczMC1lY2FhLTExZTYtOGY4OC0zNDM2M2JjN2M0YzAiOnsiY3JlYXRlIjoyNzAwMDAwMDAwMDAwLCJkZWxldGUiOjI3MDAwMDAwMDAwMDAsInJlYWQiOjMwMDAwMDAwMDAwMCwidXBkYXRlIjoyNzAwMDAwMDAwMDAwfX0=",
          "dependencies": [
            "azurerm_network_interface.this",
            "azurerm_public_ip.this",
            "azurerm_resource_group.this",
            "azurerm_subnet.this",
            "azurerm_virtual_network.this"
          ]
        }
      ]
    },
    {
      "mode": "managed",
      "type": "azurerm_network_interface",
      "name": "this",
      "provider": "provider[\"registry.terraform.io/hashicorp/azurerm\"]",
      "instances": [
        {
          "schema_version": 0,
          "attributes": {
            "accelerated_networking_enabled": false,
            "applied_dns_servers": [],
            "auxiliary_mode": "",
            "auxiliary_sku": "",
            "dns_servers": [],
            "edge_zone": "",
            "enable_accelerated_networking": false,
            "enable_ip_forwarding": false,
            "id": "/subscriptions/ed77ab03-a5af-4616-9580-7c3766e5f7ca/resourceGroups/orderpulse-rg/providers/Microsoft.Network/networkInterfaces/orderpulse-nic",
            "internal_dns_name_label": "",
            "internal_domain_name_suffix": "ux0dsfzxk3gujlcp45qzuugq1b.rx.internal.cloudapp.net",
            "ip_configuration": [
              {
                "gateway_load_balancer_frontend_ip_configuration_id": "",
                "name": "internal",
                "primary": true,
                "private_ip_address": "10.10.1.4",
                "private_ip_address_allocation": "Dynamic",
                "private_ip_address_version": "IPv4",
                "public_ip_address_id": "/subscriptions/ed77ab03-a5af-4616-9580-7c3766e5f7ca/resourceGroups/orderpulse-rg/providers/Microsoft.Network/publicIPAddresses/orderpulse-pip",
                "subnet_id": "/subscriptions/ed77ab03-a5af-4616-9580-7c3766e5f7ca/resourceGroups/orderpulse-rg/providers/Microsoft.Network/virtualNetworks/orderpulse-vnet/subnets/orderpulse-subnet"
              }
            ],
            "ip_forwarding_enabled": false,
            "location": "centralindia",
            "mac_address": "",
            "name": "orderpulse-nic",
            "private_ip_address": "10.10.1.4",
            "private_ip_addresses": [
              "10.10.1.4"
            ],
            "resource_group_name": "orderpulse-rg",
            "tags": {},
            "timeouts": null,
            "virtual_machine_id": ""
          },
          "sensitive_attributes": [],
          "identity_schema_version": 0,
          "private": "eyJlMmJmYjczMC1lY2FhLTExZTYtOGY4OC0zNDM2M2JjN2M0YzAiOnsiY3JlYXRlIjoxODAwMDAwMDAwMDAwLCJkZWxldGUiOjE4MDAwMDAwMDAwMDAsInJlYWQiOjMwMDAwMDAwMDAwMCwidXBkYXRlIjoxODAwMDAwMDAwMDAwfX0=",
          "dependencies": [
            "azurerm_public_ip.this",
            "azurerm_resource_group.this",
            "azurerm_subnet.this",
            "azurerm_virtual_network.this"
          ]
        }
      ]
    },
    {
      "mode": "managed",
      "type": "azurerm_network_security_group",
      "name": "this",
      "provider": "provider[\"registry.terraform.io/hashicorp/azurerm\"]",
      "instances": [
        {
          "schema_version": 0,
          "attributes": {
            "id": "/subscriptions/ed77ab03-a5af-4616-9580-7c3766e5f7ca/resourceGroups/orderpulse-rg/providers/Microsoft.Network/networkSecurityGroups/orderpulse-nsg",
            "location": "centralindia",
            "name": "orderpulse-nsg",
            "resource_group_name": "orderpulse-rg",
            "security_rule": [
              {
                "access": "Allow",
                "description": "",
                "destination_address_prefix": "*",
                "destination_address_prefixes": [],
                "destination_application_security_group_ids": [],
                "destination_port_range": "22",
                "destination_port_ranges": [],
                "direction": "Inbound",
                "name": "AllowSSH",
                "priority": 100,
                "protocol": "Tcp",
                "source_address_prefix": "122.171.17.61/32",
                "source_address_prefixes": [],
                "source_application_security_group_ids": [],
                "source_port_range": "*",
                "source_port_ranges": []
              }
            ],
            "tags": {},
            "timeouts": null
          },
          "sensitive_attributes": [],
          "identity_schema_version": 0,
          "private": "eyJlMmJmYjczMC1lY2FhLTExZTYtOGY4OC0zNDM2M2JjN2M0YzAiOnsiY3JlYXRlIjoxODAwMDAwMDAwMDAwLCJkZWxldGUiOjE4MDAwMDAwMDAwMDAsInJlYWQiOjMwMDAwMDAwMDAwMCwidXBkYXRlIjoxODAwMDAwMDAwMDAwfX0=",
          "dependencies": [
            "azurerm_resource_group.this"
          ]
        }
      ]
    },
    {
      "mode": "managed",
      "type": "azurerm_public_ip",
      "name": "this",
      "provider": "provider[\"registry.terraform.io/hashicorp/azurerm\"]",
      "instances": [
        {
          "schema_version": 0,
          "attributes": {
            "allocation_method": "Static",
            "ddos_protection_mode": "VirtualNetworkInherited",
            "ddos_protection_plan_id": null,
            "domain_name_label": null,
            "edge_zone": "",
            "fqdn": null,
            "id": "/subscriptions/ed77ab03-a5af-4616-9580-7c3766e5f7ca/resourceGroups/orderpulse-rg/providers/Microsoft.Network/publicIPAddresses/orderpulse-pip",
            "idle_timeout_in_minutes": 4,
            "ip_address": "20.197.26.252",
            "ip_tags": {},
            "ip_version": "IPv4",
            "location": "centralindia",
            "name": "orderpulse-pip",
            "public_ip_prefix_id": null,
            "resource_group_name": "orderpulse-rg",
            "reverse_fqdn": null,
            "sku": "Standard",
            "sku_tier": "Regional",
            "tags": {},
            "timeouts": null,
            "zones": []
          },
          "sensitive_attributes": [],
          "identity_schema_version": 0,
          "private": "eyJlMmJmYjczMC1lY2FhLTExZTYtOGY4OC0zNDM2M2JjN2M0YzAiOnsiY3JlYXRlIjoxODAwMDAwMDAwMDAwLCJkZWxldGUiOjE4MDAwMDAwMDAwMDAsInJlYWQiOjMwMDAwMDAwMDAwMCwidXBkYXRlIjoxODAwMDAwMDAwMDAwfX0=",
          "dependencies": [
            "azurerm_resource_group.this"
          ]
        }
      ]
    },
    {
      "mode": "managed",
      "type": "azurerm_resource_group",
      "name": "this",
      "provider": "provider[\"registry.terraform.io/hashicorp/azurerm\"]",
      "instances": [
        {
          "schema_version": 0,
          "attributes": {
            "id": "/subscriptions/ed77ab03-a5af-4616-9580-7c3766e5f7ca/resourceGroups/orderpulse-rg",
            "location": "centralindia",
            "managed_by": "",
            "name": "orderpulse-rg",
            "tags": {},
            "timeouts": null
          },
          "sensitive_attributes": [],
          "identity_schema_version": 0,
          "private": "eyJlMmJmYjczMC1lY2FhLTExZTYtOGY4OC0zNDM2M2JjN2M0YzAiOnsiY3JlYXRlIjo1NDAwMDAwMDAwMDAwLCJkZWxldGUiOjU0MDAwMDAwMDAwMDAsInJlYWQiOjMwMDAwMDAwMDAwMCwidXBkYXRlIjo1NDAwMDAwMDAwMDAwfX0="
        }
      ]
    },
    {
      "mode": "managed",
      "type": "azurerm_subnet",
      "name": "this",
      "provider": "provider[\"registry.terraform.io/hashicorp/azurerm\"]",
      "instances": [
        {
          "schema_version": 0,
          "attributes": {
            "address_prefixes": [
              "10.10.1.0/24"
            ],
            "default_outbound_access_enabled": true,
            "delegation": [],
            "enforce_private_link_endpoint_network_policies": false,
            "enforce_private_link_service_network_policies": false,
            "id": "/subscriptions/ed77ab03-a5af-4616-9580-7c3766e5f7ca/resourceGroups/orderpulse-rg/providers/Microsoft.Network/virtualNetworks/orderpulse-vnet/subnets/orderpulse-subnet",
            "name": "orderpulse-subnet",
            "private_endpoint_network_policies": "Enabled",
            "private_endpoint_network_policies_enabled": true,
            "private_link_service_network_policies_enabled": true,
            "resource_group_name": "orderpulse-rg",
            "service_endpoint_policy_ids": [],
            "service_endpoints": [],
            "timeouts": null,
            "virtual_network_name": "orderpulse-vnet"
          },
          "sensitive_attributes": [],
          "identity_schema_version": 0,
          "private": "eyJlMmJmYjczMC1lY2FhLTExZTYtOGY4OC0zNDM2M2JjN2M0YzAiOnsiY3JlYXRlIjoxODAwMDAwMDAwMDAwLCJkZWxldGUiOjE4MDAwMDAwMDAwMDAsInJlYWQiOjMwMDAwMDAwMDAwMCwidXBkYXRlIjoxODAwMDAwMDAwMDAwfX0=",
          "dependencies": [
            "azurerm_resource_group.this",
            "azurerm_virtual_network.this"
          ]
        }
      ]
    },
    {
      "mode": "managed",
      "type": "azurerm_subnet_network_security_group_association",
      "name": "this",
      "provider": "provider[\"registry.terraform.io/hashicorp/azurerm\"]",
      "instances": [
        {
          "schema_version": 0,
          "attributes": {
            "id": "/subscriptions/ed77ab03-a5af-4616-9580-7c3766e5f7ca/resourceGroups/orderpulse-rg/providers/Microsoft.Network/virtualNetworks/orderpulse-vnet/subnets/orderpulse-subnet",
            "network_security_group_id": "/subscriptions/ed77ab03-a5af-4616-9580-7c3766e5f7ca/resourceGroups/orderpulse-rg/providers/Microsoft.Network/networkSecurityGroups/orderpulse-nsg",
            "subnet_id": "/subscriptions/ed77ab03-a5af-4616-9580-7c3766e5f7ca/resourceGroups/orderpulse-rg/providers/Microsoft.Network/virtualNetworks/orderpulse-vnet/subnets/orderpulse-subnet",
            "timeouts": null
          },
          "sensitive_attributes": [],
          "identity_schema_version": 0,
          "private": "eyJlMmJmYjczMC1lY2FhLTExZTYtOGY4OC0zNDM2M2JjN2M0YzAiOnsiY3JlYXRlIjoxODAwMDAwMDAwMDAwLCJkZWxldGUiOjE4MDAwMDAwMDAwMDAsInJlYWQiOjMwMDAwMDAwMDAwMH19",
          "dependencies": [
            "azurerm_network_security_group.this",
            "azurerm_resource_group.this",
            "azurerm_subnet.this",
            "azurerm_virtual_network.this"
          ]
        }
      ]
    },
    {
      "mode": "managed",
      "type": "azurerm_virtual_network",
      "name": "this",
      "provider": "provider[\"registry.terraform.io/hashicorp/azurerm\"]",
      "instances": [
        {
          "schema_version": 0,
          "attributes": {
            "address_space": [
              "10.10.0.0/16"
            ],
            "bgp_community": "",
            "ddos_protection_plan": [],
            "dns_servers": [],
            "edge_zone": "",
            "encryption": [],
            "flow_timeout_in_minutes": 0,
            "guid": "1739f4a5-5737-444d-ac4f-f7e19a50d0d9",
            "id": "/subscriptions/ed77ab03-a5af-4616-9580-7c3766e5f7ca/resourceGroups/orderpulse-rg/providers/Microsoft.Network/virtualNetworks/orderpulse-vnet",
            "location": "centralindia",
            "name": "orderpulse-vnet",
            "resource_group_name": "orderpulse-rg",
            "subnet": [
              {
                "address_prefix": "10.10.1.0/24",
                "id": "/subscriptions/ed77ab03-a5af-4616-9580-7c3766e5f7ca/resourceGroups/orderpulse-rg/providers/Microsoft.Network/virtualNetworks/orderpulse-vnet/subnets/orderpulse-subnet",
                "name": "orderpulse-subnet",
                "security_group": "/subscriptions/ed77ab03-a5af-4616-9580-7c3766e5f7ca/resourceGroups/orderpulse-rg/providers/Microsoft.Network/networkSecurityGroups/orderpulse-nsg"
              }
            ],
            "tags": {},
            "timeouts": null
          },
          "sensitive_attributes": [],
          "identity_schema_version": 0,
          "private": "eyJlMmJmYjczMC1lY2FhLTExZTYtOGY4OC0zNDM2M2JjN2M0YzAiOnsiY3JlYXRlIjoxODAwMDAwMDAwMDAwLCJkZWxldGUiOjE4MDAwMDAwMDAwMDAsInJlYWQiOjMwMDAwMDAwMDAwMCwidXBkYXRlIjoxODAwMDAwMDAwMDAwfX0=",
          "dependencies": [
            "azurerm_resource_group.this"
          ]
        }
      ]
    }
  ],
  "check_results": null
}
